
Microsoft Visual Studio Solution File, Format Version 12.00
# Visual Studio Version 17
VisualStudioVersion = 17.3.32811.315
MinimumVisualStudioVersion = 10.0.40219.1
Project("{FAE04EC0-301F-11D3-BF4B-00C04F79EFBC}") = "PDapper", "PDapper\PDapper.csproj", "{0E067E27-F43B-4B02-9E05-6AD4092C6007}"
EndProject
Global
	GlobalSection(SolutionConfigurationPlatforms) = preSolution
		Debug|Any CPU = Debug|Any CPU
		Release|Any CPU = Release|Any CPU
	EndGlobalSection
	GlobalSection(ProjectConfigurationPlatforms) = postSolution
		{0E067E27-F43B-4B02-9E05-6AD4092C6007}.Debug|Any CPU.ActiveCfg = Debug|Any CPU
		{0E067E27-F43B-4B02-9E05-6AD4092C6007}.Debug|Any CPU.Build.0 = Debug|Any CPU
		{0E067E27-F43B-4B02-9E05-6AD4092C6007}.Release|Any CPU.ActiveCfg = Release|Any CPU
		{0E067E27-F43B-4B02-9E05-6AD4092C6007}.Release|Any CPU.Build.0 = Release|Any CPU
	EndGlobalSection
	GlobalSection(SolutionProperties) = preSolution
		HideSolutionNode = FALSE
	EndGlobalSection
	GlobalSection(ExtensibilityGlobals) = postSolution
		SolutionGuid = {A160517B-BAD4-4247-820B-BA98B9A3AA27}
	EndGlobalSection
EndGlobal
